
Microsoft Visual Studio Solution File, Format Version 12.00
# Visual Studio Version 16
VisualStudioVersion = 16.0.31729.503
MinimumVisualStudioVersion = 10.0.40219.1
Project("{9A19103F-16F7-4668-BE54-9A1E7A4F7556}") = "BeatSaverDl", "BeatSaverDl\BeatSaverDl.csproj", "{952ED3AC-FF0C-4B8C-9DF2-40B0AEFFAA2B}"
EndProject
Global
	GlobalSection(SolutionConfigurationPlatforms) = preSolution
		Debug|Any CPU = Debug|Any CPU
		Release|Any CPU = Release|Any CPU
	EndGlobalSection
	GlobalSection(ProjectConfigurationPlatforms) = postSolution
		{952ED3AC-FF0C-4B8C-9DF2-40B0AEFFAA2B}.Debug|Any CPU.ActiveCfg = Debug|Any CPU
		{952ED3AC-FF0C-4B8C-9DF2-40B0AEFFAA2B}.Debug|Any CPU.Build.0 = Debug|Any CPU
		{952ED3AC-FF0C-4B8C-9DF2-40B0AEFFAA2B}.Release|Any CPU.ActiveCfg = Release|Any CPU
		{952ED3AC-FF0C-4B8C-9DF2-40B0AEFFAA2B}.Release|Any CPU.Build.0 = Release|Any CPU
	EndGlobalSection
	GlobalSection(SolutionProperties) = preSolution
		HideSolutionNode = FALSE
	EndGlobalSection
	GlobalSection(ExtensibilityGlobals) = postSolution
		SolutionGuid = {0D252AEE-65CE-4B49-9DD0-6519A290DA24}
	EndGlobalSection
EndGlobal
